
Microsoft Visual Studio Solution File, Format Version 12.00
# Visual Studio Version 16
VisualStudioVersion = 16.0.32802.440
MinimumVisualStudioVersion = 10.0.40219.1
Project("{FAE04EC0-301F-11D3-BF4B-00C04F79EFBC}") = "DataAccess", "DataAccess\DataAccess.csproj", "{9B4DD174-2C7C-4292-94C5-C98BF5DB59ED}"
EndProject
Project("{FAE04EC0-301F-11D3-BF4B-00C04F79EFBC}") = "Business", "Business\Business.csproj", "{56400616-EB06-43B7-8DA5-BAA8E3BDE6E0}"
EndProject
Project("{FAE04EC0-301F-11D3-BF4B-00C04F79EFBC}") = "Entities", "Entities\Entities.csproj", "{37E6218B-EB2A-4519-BF92-E0DA43BAE6CE}"
EndProject
Project("{FAE04EC0-301F-11D3-BF4B-00C04F79EFBC}") = "ConsoleUI", "ConsoleUI\ConsoleUI.csproj", "{8D897357-C914-46D3-8547-076E36C0E6C0}"
EndProject
Global
	GlobalSection(SolutionConfigurationPlatforms) = preSolution
		Debug|Any CPU = Debug|Any CPU
		Release|Any CPU = Release|Any CPU
	EndGlobalSection
	GlobalSection(ProjectConfigurationPlatforms) = postSolution
		{9B4DD174-2C7C-4292-94C5-C98BF5DB59ED}.Debug|Any CPU.ActiveCfg = Debug|Any CPU
		{9B4DD174-2C7C-4292-94C5-C98BF5DB59ED}.Debug|Any CPU.Build.0 = Debug|Any CPU
		{9B4DD174-2C7C-4292-94C5-C98BF5DB59ED}.Release|Any CPU.ActiveCfg = Release|Any CPU
		{9B4DD174-2C7C-4292-94C5-C98BF5DB59ED}.Release|Any CPU.Build.0 = Release|Any CPU
		{56400616-EB06-43B7-8DA5-BAA8E3BDE6E0}.Debug|Any CPU.ActiveCfg = Debug|Any CPU
		{56400616-EB06-43B7-8DA5-BAA8E3BDE6E0}.Debug|Any CPU.Build.0 = Debug|Any CPU
		{56400616-EB06-43B7-8DA5-BAA8E3BDE6E0}.Release|Any CPU.ActiveCfg = Release|Any CPU
		{56400616-EB06-43B7-8DA5-BAA8E3BDE6E0}.Release|Any CPU.Build.0 = Release|Any CPU
		{37E6218B-EB2A-4519-BF92-E0DA43BAE6CE}.Debug|Any CPU.ActiveCfg = Debug|Any CPU
		{37E6218B-EB2A-4519-BF92-E0DA43BAE6CE}.Debug|Any CPU.Build.0 = Debug|Any CPU
		{37E6218B-EB2A-4519-BF92-E0DA43BAE6CE}.Release|Any CPU.ActiveCfg = Release|Any CPU
		{37E6218B-EB2A-4519-BF92-E0DA43BAE6CE}.Release|Any CPU.Build.0 = Release|Any CPU
		{8D897357-C914-46D3-8547-076E36C0E6C0}.Debug|Any CPU.ActiveCfg = Debug|Any CPU
		{8D897357-C914-46D3-8547-076E36C0E6C0}.Debug|Any CPU.Build.0 = Debug|Any CPU
		{8D897357-C914-46D3-8547-076E36C0E6C0}.Release|Any CPU.ActiveCfg = Release|Any CPU
		{8D897357-C914-46D3-8547-076E36C0E6C0}.Release|Any CPU.Build.0 = Release|Any CPU
	EndGlobalSection
	GlobalSection(SolutionProperties) = preSolution
		HideSolutionNode = FALSE
	EndGlobalSection
	GlobalSection(ExtensibilityGlobals) = postSolution
		SolutionGuid = {F4A70B65-C540-4854-A7AE-B8F8A9886909}
	EndGlobalSection
EndGlobal
